# This file is autogenerated, do not edit; changes may be undone by the next 'dep ensure'.


[[projects]]
  branch = "master"
  digest = "1:d0dae6df75f51a85bf3cf315b40d97ef9d12fe2d101a6cd194e70b5be22627c9"
  name = "github.com/Shopify/go-lua"
  packages = ["."]
  pruneopts = "UT"
  revision = "48449c60c0a91cdc83cf554aa0931380393b9b02"

[solve-meta]
  analyzer-name = "dep"
  analyzer-version = 1
  input-imports = ["github.com/Shopify/go-lua"]
  solver-name = "gps-cdcl"
  solver-version = 1
